
Microsoft Visual Studio Solution File, Format Version 12.00
# Visual Studio Version 17
VisualStudioVersion = 17.14.36203.30
MinimumVisualStudioVersion = 10.0.40219.1
Project("{FAE04EC0-301F-11D3-BF4B-00C04F79EFBC}") = "Residuos_API", "Residuos_API.csproj", "{F656F030-9363-4A75-9EE4-EC762590906A}"
EndProject
Project("{FAE04EC0-301F-11D3-BF4B-00C04F79EFBC}") = "Residuos_API_Test", "..\Residuos_API_Test\Residuos_API_Test.csproj", "{6046D00E-FCFE-4DC5-89CE-A6DA34B3D671}"
EndProject
Global
	GlobalSection(SolutionConfigurationPlatforms) = preSolution
		Debug|Any CPU = Debug|Any CPU
		Release|Any CPU = Release|Any CPU
	EndGlobalSection
	GlobalSection(ProjectConfigurationPlatforms) = postSolution
		{F656F030-9363-4A75-9EE4-EC762590906A}.Debug|Any CPU.ActiveCfg = Debug|Any CPU
		{F656F030-9363-4A75-9EE4-EC762590906A}.Debug|Any CPU.Build.0 = Debug|Any CPU
		{F656F030-9363-4A75-9EE4-EC762590906A}.Release|Any CPU.ActiveCfg = Release|Any CPU
		{F656F030-9363-4A75-9EE4-EC762590906A}.Release|Any CPU.Build.0 = Release|Any CPU
		{6046D00E-FCFE-4DC5-89CE-A6DA34B3D671}.Debug|Any CPU.ActiveCfg = Debug|Any CPU
		{6046D00E-FCFE-4DC5-89CE-A6DA34B3D671}.Debug|Any CPU.Build.0 = Debug|Any CPU
		{6046D00E-FCFE-4DC5-89CE-A6DA34B3D671}.Release|Any CPU.ActiveCfg = Release|Any CPU
		{6046D00E-FCFE-4DC5-89CE-A6DA34B3D671}.Release|Any CPU.Build.0 = Release|Any CPU
	EndGlobalSection
	GlobalSection(SolutionProperties) = preSolution
		HideSolutionNode = FALSE
	EndGlobalSection
	GlobalSection(ExtensibilityGlobals) = postSolution
		SolutionGuid = {0772F954-D293-42D4-A67F-4337AC19D90E}
	EndGlobalSection
EndGlobal
